
Microsoft Visual Studio Solution File, Format Version 12.00
# Visual Studio Version 16
VisualStudioVersion = 16.0.31424.327
MinimumVisualStudioVersion = 10.0.40219.1
Project("{9A19103F-16F7-4668-BE54-9A1E7A4F7556}") = "CoreDemo", "CoreDemo\CoreDemo.csproj", "{3D6F0767-47A9-4D35-B1CD-616171B8D40E}"
EndProject
Project("{FAE04EC0-301F-11D3-BF4B-00C04F79EFBC}") = "EntitiyLayer", "EntitiyLayer\EntitiyLayer.csproj", "{BBAEEFA8-52A0-42B1-BB8B-D21572A4160F}"
EndProject
Project("{FAE04EC0-301F-11D3-BF4B-00C04F79EFBC}") = "DataAccessLayer", "DataAccessLayer\DataAccessLayer.csproj", "{8E808947-BD45-4FC2-A1BE-50F01991B8B5}"
EndProject
Project("{FAE04EC0-301F-11D3-BF4B-00C04F79EFBC}") = "BusinessLayer", "BusinessLayer\BusinessLayer.csproj", "{804109A4-5DC6-45CE-99AB-69A30FF6F68B}"
EndProject
Project("{FAE04EC0-301F-11D3-BF4B-00C04F79EFBC}") = "CoreLayer", "CoreLayer\CoreLayer.csproj", "{02A4FC31-EDE1-458F-92B5-B9647CE799A8}"
EndProject
Global
	GlobalSection(SolutionConfigurationPlatforms) = preSolution
		Debug|Any CPU = Debug|Any CPU
		Release|Any CPU = Release|Any CPU
	EndGlobalSection
	GlobalSection(ProjectConfigurationPlatforms) = postSolution
		{3D6F0767-47A9-4D35-B1CD-616171B8D40E}.Debug|Any CPU.ActiveCfg = Debug|Any CPU
		{3D6F0767-47A9-4D35-B1CD-616171B8D40E}.Debug|Any CPU.Build.0 = Debug|Any CPU
		{3D6F0767-47A9-4D35-B1CD-616171B8D40E}.Release|Any CPU.ActiveCfg = Release|Any CPU
		{3D6F0767-47A9-4D35-B1CD-616171B8D40E}.Release|Any CPU.Build.0 = Release|Any CPU
		{BBAEEFA8-52A0-42B1-BB8B-D21572A4160F}.Debug|Any CPU.ActiveCfg = Debug|Any CPU
		{BBAEEFA8-52A0-42B1-BB8B-D21572A4160F}.Debug|Any CPU.Build.0 = Debug|Any CPU
		{BBAEEFA8-52A0-42B1-BB8B-D21572A4160F}.Release|Any CPU.ActiveCfg = Release|Any CPU
		{BBAEEFA8-52A0-42B1-BB8B-D21572A4160F}.Release|Any CPU.Build.0 = Release|Any CPU
		{8E808947-BD45-4FC2-A1BE-50F01991B8B5}.Debug|Any CPU.ActiveCfg = Debug|Any CPU
		{8E808947-BD45-4FC2-A1BE-50F01991B8B5}.Debug|Any CPU.Build.0 = Debug|Any CPU
		{8E808947-BD45-4FC2-A1BE-50F01991B8B5}.Release|Any CPU.ActiveCfg = Release|Any CPU
		{8E808947-BD45-4FC2-A1BE-50F01991B8B5}.Release|Any CPU.Build.0 = Release|Any CPU
		{804109A4-5DC6-45CE-99AB-69A30FF6F68B}.Debug|Any CPU.ActiveCfg = Debug|Any CPU
		{804109A4-5DC6-45CE-99AB-69A30FF6F68B}.Debug|Any CPU.Build.0 = Debug|Any CPU
		{804109A4-5DC6-45CE-99AB-69A30FF6F68B}.Release|Any CPU.ActiveCfg = Release|Any CPU
		{804109A4-5DC6-45CE-99AB-69A30FF6F68B}.Release|Any CPU.Build.0 = Release|Any CPU
		{02A4FC31-EDE1-458F-92B5-B9647CE799A8}.Debug|Any CPU.ActiveCfg = Debug|Any CPU
		{02A4FC31-EDE1-458F-92B5-B9647CE799A8}.Debug|Any CPU.Build.0 = Debug|Any CPU
		{02A4FC31-EDE1-458F-92B5-B9647CE799A8}.Release|Any CPU.ActiveCfg = Release|Any CPU
		{02A4FC31-EDE1-458F-92B5-B9647CE799A8}.Release|Any CPU.Build.0 = Release|Any CPU
	EndGlobalSection
	GlobalSection(SolutionProperties) = preSolution
		HideSolutionNode = FALSE
	EndGlobalSection
	GlobalSection(ExtensibilityGlobals) = postSolution
		SolutionGuid = {84D0018C-A390-49F0-8D81-B0043B07C957}
	EndGlobalSection
EndGlobal
